
Microsoft Visual Studio Solution File, Format Version 12.00
# Visual Studio 15
VisualStudioVersion = 15.0.25807.0
MinimumVisualStudioVersion = 10.0.40219.1
Project("{2150E333-8FDC-42A3-9474-1A3956D46DE8}") = "Engine", "Engine", "{1779B9EA-158C-439A-AE60-643AAB103B0E}"
EndProject
Project("{2150E333-8FDC-42A3-9474-1A3956D46DE8}") = "Games", "Games", "{98CC692C-2461-401C-8BD1-DF44C548DF02}"
EndProject
Project("{8BC9CEB8-8B4A-11D0-8D11-00A0C91BC942}") = "UE4", "Intermediate\ProjectFiles\UE4.vcxproj", "{7F2DA411-2697-4783-A16B-E65487D197B9}"
EndProject
Project("{8BC9CEB8-8B4A-11D0-8D11-00A0C91BC942}") = "BuildingEscape", "Intermediate\ProjectFiles\BuildingEscape.vcxproj", "{6A211477-0397-4754-A94C-D11EBDB6B2B2}"
EndProject
Global
	GlobalSection(SolutionConfigurationPlatforms) = preSolution
		DebugGame Editor|HTML5 = DebugGame Editor|HTML5
		DebugGame Editor|Win32 = DebugGame Editor|Win32
		DebugGame Editor|Win64 = DebugGame Editor|Win64
		DebugGame|HTML5 = DebugGame|HTML5
		DebugGame|Win32 = DebugGame|Win32
		DebugGame|Win64 = DebugGame|Win64
		Development Editor|HTML5 = Development Editor|HTML5
		Development Editor|Win32 = Development Editor|Win32
		Development Editor|Win64 = Development Editor|Win64
		Development|HTML5 = Development|HTML5
		Development|Win32 = Development|Win32
		Development|Win64 = Development|Win64
		Shipping|HTML5 = Shipping|HTML5
		Shipping|Win32 = Shipping|Win32
		Shipping|Win64 = Shipping|Win64
	EndGlobalSection
	GlobalSection(ProjectConfigurationPlatforms) = postSolution
		{7F2DA411-2697-4783-A16B-E65487D197B9}.DebugGame Editor|HTML5.ActiveCfg = BuiltWithUnrealBuildTool|Win32
		{7F2DA411-2697-4783-A16B-E65487D197B9}.DebugGame Editor|HTML5.Build.0 = BuiltWithUnrealBuildTool|Win32
		{7F2DA411-2697-4783-A16B-E65487D197B9}.DebugGame Editor|Win32.ActiveCfg = BuiltWithUnrealBuildTool|Win32
		{7F2DA411-2697-4783-A16B-E65487D197B9}.DebugGame Editor|Win32.Build.0 = BuiltWithUnrealBuildTool|Win32
		{7F2DA411-2697-4783-A16B-E65487D197B9}.DebugGame Editor|Win64.ActiveCfg = BuiltWithUnrealBuildTool|Win32
		{7F2DA411-2697-4783-A16B-E65487D197B9}.DebugGame Editor|Win64.Build.0 = BuiltWithUnrealBuildTool|Win32
		{7F2DA411-2697-4783-A16B-E65487D197B9}.DebugGame|HTML5.ActiveCfg = BuiltWithUnrealBuildTool|Win32
		{7F2DA411-2697-4783-A16B-E65487D197B9}.DebugGame|HTML5.Build.0 = BuiltWithUnrealBuildTool|Win32
		{7F2DA411-2697-4783-A16B-E65487D197B9}.DebugGame|Win32.ActiveCfg = BuiltWithUnrealBuildTool|Win32
		{7F2DA411-2697-4783-A16B-E65487D197B9}.DebugGame|Win32.Build.0 = BuiltWithUnrealBuildTool|Win32
		{7F2DA411-2697-4783-A16B-E65487D197B9}.DebugGame|Win64.ActiveCfg = BuiltWithUnrealBuildTool|Win32
		{7F2DA411-2697-4783-A16B-E65487D197B9}.DebugGame|Win64.Build.0 = BuiltWithUnrealBuildTool|Win32
		{7F2DA411-2697-4783-A16B-E65487D197B9}.Development Editor|HTML5.ActiveCfg = BuiltWithUnrealBuildTool|Win32
		{7F2DA411-2697-4783-A16B-E65487D197B9}.Development Editor|HTML5.Build.0 = BuiltWithUnrealBuildTool|Win32
		{7F2DA411-2697-4783-A16B-E65487D197B9}.Development Editor|Win32.ActiveCfg = BuiltWithUnrealBuildTool|Win32
		{7F2DA411-2697-4783-A16B-E65487D197B9}.Development Editor|Win32.Build.0 = BuiltWithUnrealBuildTool|Win32
		{7F2DA411-2697-4783-A16B-E65487D197B9}.Development Editor|Win64.ActiveCfg = BuiltWithUnrealBuildTool|Win32
		{7F2DA411-2697-4783-A16B-E65487D197B9}.Development Editor|Win64.Build.0 = BuiltWithUnrealBuildTool|Win32
		{7F2DA411-2697-4783-A16B-E65487D197B9}.Development|HTML5.ActiveCfg = BuiltWithUnrealBuildTool|Win32
		{7F2DA411-2697-4783-A16B-E65487D197B9}.Development|HTML5.Build.0 = BuiltWithUnrealBuildTool|Win32
		{7F2DA411-2697-4783-A16B-E65487D197B9}.Development|Win32.ActiveCfg = BuiltWithUnrealBuildTool|Win32
		{7F2DA411-2697-4783-A16B-E65487D197B9}.Development|Win32.Build.0 = BuiltWithUnrealBuildTool|Win32
		{7F2DA411-2697-4783-A16B-E65487D197B9}.Development|Win64.ActiveCfg = BuiltWithUnrealBuildTool|Win32
		{7F2DA411-2697-4783-A16B-E65487D197B9}.Development|Win64.Build.0 = BuiltWithUnrealBuildTool|Win32
		{7F2DA411-2697-4783-A16B-E65487D197B9}.Shipping|HTML5.ActiveCfg = BuiltWithUnrealBuildTool|Win32
		{7F2DA411-2697-4783-A16B-E65487D197B9}.Shipping|HTML5.Build.0 = BuiltWithUnrealBuildTool|Win32
		{7F2DA411-2697-4783-A16B-E65487D197B9}.Shipping|Win32.ActiveCfg = BuiltWithUnrealBuildTool|Win32
		{7F2DA411-2697-4783-A16B-E65487D197B9}.Shipping|Win32.Build.0 = BuiltWithUnrealBuildTool|Win32
		{7F2DA411-2697-4783-A16B-E65487D197B9}.Shipping|Win64.ActiveCfg = BuiltWithUnrealBuildTool|Win32
		{7F2DA411-2697-4783-A16B-E65487D197B9}.Shipping|Win64.Build.0 = BuiltWithUnrealBuildTool|Win32
		{6A211477-0397-4754-A94C-D11EBDB6B2B2}.DebugGame Editor|HTML5.ActiveCfg = HTML5_DebugGame_Editor|Win32
		{6A211477-0397-4754-A94C-D11EBDB6B2B2}.DebugGame Editor|Win32.ActiveCfg = DebugGame_Editor|Win32
		{6A211477-0397-4754-A94C-D11EBDB6B2B2}.DebugGame Editor|Win64.ActiveCfg = DebugGame_Editor|x64
		{6A211477-0397-4754-A94C-D11EBDB6B2B2}.DebugGame Editor|Win64.Build.0 = DebugGame_Editor|x64
		{6A211477-0397-4754-A94C-D11EBDB6B2B2}.DebugGame|HTML5.ActiveCfg = HTML5_DebugGame_Game|Win32
		{6A211477-0397-4754-A94C-D11EBDB6B2B2}.DebugGame|HTML5.Build.0 = HTML5_DebugGame_Game|Win32
		{6A211477-0397-4754-A94C-D11EBDB6B2B2}.DebugGame|Win32.ActiveCfg = DebugGame_Game|Win32
		{6A211477-0397-4754-A94C-D11EBDB6B2B2}.DebugGame|Win32.Build.0 = DebugGame_Game|Win32
		{6A211477-0397-4754-A94C-D11EBDB6B2B2}.DebugGame|Win64.ActiveCfg = DebugGame_Game|x64
		{6A211477-0397-4754-A94C-D11EBDB6B2B2}.DebugGame|Win64.Build.0 = DebugGame_Game|x64
		{6A211477-0397-4754-A94C-D11EBDB6B2B2}.Development Editor|HTML5.ActiveCfg = HTML5_Development_Editor|Win32
		{6A211477-0397-4754-A94C-D11EBDB6B2B2}.Development Editor|Win32.ActiveCfg = Development_Editor|Win32
		{6A211477-0397-4754-A94C-D11EBDB6B2B2}.Development Editor|Win64.ActiveCfg = Development_Editor|x64
		{6A211477-0397-4754-A94C-D11EBDB6B2B2}.Development Editor|Win64.Build.0 = Development_Editor|x64
		{6A211477-0397-4754-A94C-D11EBDB6B2B2}.Development|HTML5.ActiveCfg = HTML5_Development_Game|Win32
		{6A211477-0397-4754-A94C-D11EBDB6B2B2}.Development|HTML5.Build.0 = HTML5_Development_Game|Win32
		{6A211477-0397-4754-A94C-D11EBDB6B2B2}.Development|Win32.ActiveCfg = Development_Game|Win32
		{6A211477-0397-4754-A94C-D11EBDB6B2B2}.Development|Win32.Build.0 = Development_Game|Win32
		{6A211477-0397-4754-A94C-D11EBDB6B2B2}.Development|Win64.ActiveCfg = Development_Game|x64
		{6A211477-0397-4754-A94C-D11EBDB6B2B2}.Development|Win64.Build.0 = Development_Game|x64
		{6A211477-0397-4754-A94C-D11EBDB6B2B2}.Shipping|HTML5.ActiveCfg = HTML5_Shipping_Game|Win32
		{6A211477-0397-4754-A94C-D11EBDB6B2B2}.Shipping|HTML5.Build.0 = HTML5_Shipping_Game|Win32
		{6A211477-0397-4754-A94C-D11EBDB6B2B2}.Shipping|Win32.ActiveCfg = Shipping_Game|Win32
		{6A211477-0397-4754-A94C-D11EBDB6B2B2}.Shipping|Win32.Build.0 = Shipping_Game|Win32
		{6A211477-0397-4754-A94C-D11EBDB6B2B2}.Shipping|Win64.ActiveCfg = Shipping_Game|x64
		{6A211477-0397-4754-A94C-D11EBDB6B2B2}.Shipping|Win64.Build.0 = Shipping_Game|x64
	EndGlobalSection
	GlobalSection(SolutionProperties) = preSolution
		HideSolutionNode = FALSE
	EndGlobalSection
	GlobalSection(NestedProjects) = preSolution
		{7F2DA411-2697-4783-A16B-E65487D197B9} = {1779B9EA-158C-439A-AE60-643AAB103B0E}
		{6A211477-0397-4754-A94C-D11EBDB6B2B2} = {98CC692C-2461-401C-8BD1-DF44C548DF02}
	EndGlobalSection
	GlobalSection(ExtensibilityGlobals) = postSolution
		SolutionGuid = {03B31E24-C401-4191-81B8-484D7F4ED791}
	EndGlobalSection
EndGlobal
